
Microsoft Visual Studio Solution File, Format Version 12.00
# Visual Studio Version 17
VisualStudioVersion = 17.3.32804.467
MinimumVisualStudioVersion = 10.0.40219.1
Project("{FAE04EC0-301F-11D3-BF4B-00C04F79EFBC}") = "WASM_Authen.API", "WASM_Authen.API\WASM_Authen.API.csproj", "{49405BC9-708A-41D5-B25F-BE9CF1C01D95}"
EndProject
Project("{FAE04EC0-301F-11D3-BF4B-00C04F79EFBC}") = "WASM_Authen.Shared", "WASM_Authen.Shared\WASM_Authen.Shared.csproj", "{FB207865-A8C9-45BC-8AE2-FB3C3A813046}"
EndProject
Global
	GlobalSection(SolutionConfigurationPlatforms) = preSolution
		Debug|Any CPU = Debug|Any CPU
		Release|Any CPU = Release|Any CPU
	EndGlobalSection
	GlobalSection(ProjectConfigurationPlatforms) = postSolution
		{49405BC9-708A-41D5-B25F-BE9CF1C01D95}.Debug|Any CPU.ActiveCfg = Debug|Any CPU
		{49405BC9-708A-41D5-B25F-BE9CF1C01D95}.Debug|Any CPU.Build.0 = Debug|Any CPU
		{49405BC9-708A-41D5-B25F-BE9CF1C01D95}.Release|Any CPU.ActiveCfg = Release|Any CPU
		{49405BC9-708A-41D5-B25F-BE9CF1C01D95}.Release|Any CPU.Build.0 = Release|Any CPU
		{FB207865-A8C9-45BC-8AE2-FB3C3A813046}.Debug|Any CPU.ActiveCfg = Debug|Any CPU
		{FB207865-A8C9-45BC-8AE2-FB3C3A813046}.Debug|Any CPU.Build.0 = Debug|Any CPU
		{FB207865-A8C9-45BC-8AE2-FB3C3A813046}.Release|Any CPU.ActiveCfg = Release|Any CPU
		{FB207865-A8C9-45BC-8AE2-FB3C3A813046}.Release|Any CPU.Build.0 = Release|Any CPU
	EndGlobalSection
	GlobalSection(SolutionProperties) = preSolution
		HideSolutionNode = FALSE
	EndGlobalSection
	GlobalSection(ExtensibilityGlobals) = postSolution
		SolutionGuid = {ECC386D9-C6A1-4367-B4E8-AE42B9CA7D36}
	EndGlobalSection
EndGlobal
